
Microsoft Visual Studio Solution File, Format Version 12.00
# Visual Studio Version 16
VisualStudioVersion = 16.0.29926.136
MinimumVisualStudioVersion = 10.0.40219.1
Project("{FAE04EC0-301F-11D3-BF4B-00C04F79EFBC}") = "PUMP_v1", "PUMP_v1\PUMP_v1.csproj", "{A14F3163-C92F-4A95-BE01-FD987679AFF8}"
EndProject
Global
	GlobalSection(SolutionConfigurationPlatforms) = preSolution
		Debug|Any CPU = Debug|Any CPU
		Release|Any CPU = Release|Any CPU
	EndGlobalSection
	GlobalSection(ProjectConfigurationPlatforms) = postSolution
		{A14F3163-C92F-4A95-BE01-FD987679AFF8}.Debug|Any CPU.ActiveCfg = Debug|x64
		{A14F3163-C92F-4A95-BE01-FD987679AFF8}.Debug|Any CPU.Build.0 = Debug|x64
		{A14F3163-C92F-4A95-BE01-FD987679AFF8}.Release|Any CPU.ActiveCfg = Release|Any CPU
		{A14F3163-C92F-4A95-BE01-FD987679AFF8}.Release|Any CPU.Build.0 = Release|Any CPU
	EndGlobalSection
	GlobalSection(SolutionProperties) = preSolution
		HideSolutionNode = FALSE
	EndGlobalSection
	GlobalSection(ExtensibilityGlobals) = postSolution
		SolutionGuid = {1DB344F6-A72D-496A-92A0-33DE66123E4D}
	EndGlobalSection
EndGlobal
